
Microsoft Visual Studio Solution File, Format Version 12.00
# Visual Studio 14
VisualStudioVersion = 14.0.24720.0
MinimumVisualStudioVersion = 10.0.40219.1
Project("{FAE04EC0-301F-11D3-BF4B-00C04F79EFBC}") = "kursach.PL", "kursach\kursach.PL.csproj", "{B88524A8-D1E2-4466-88D5-311934B49F4A}"
EndProject
Project("{FAE04EC0-301F-11D3-BF4B-00C04F79EFBC}") = "kursach.DAL", "kursach.DAL\kursach.DAL.csproj", "{AB3C08DF-8B22-480B-B438-848B793135AE}"
EndProject
Global
	GlobalSection(SolutionConfigurationPlatforms) = preSolution
		Debug|Any CPU = Debug|Any CPU
		Release|Any CPU = Release|Any CPU
	EndGlobalSection
	GlobalSection(ProjectConfigurationPlatforms) = postSolution
		{B88524A8-D1E2-4466-88D5-311934B49F4A}.Debug|Any CPU.ActiveCfg = Debug|Any CPU
		{B88524A8-D1E2-4466-88D5-311934B49F4A}.Debug|Any CPU.Build.0 = Debug|Any CPU
		{B88524A8-D1E2-4466-88D5-311934B49F4A}.Release|Any CPU.ActiveCfg = Release|Any CPU
		{B88524A8-D1E2-4466-88D5-311934B49F4A}.Release|Any CPU.Build.0 = Release|Any CPU
		{AB3C08DF-8B22-480B-B438-848B793135AE}.Debug|Any CPU.ActiveCfg = Debug|Any CPU
		{AB3C08DF-8B22-480B-B438-848B793135AE}.Debug|Any CPU.Build.0 = Debug|Any CPU
		{AB3C08DF-8B22-480B-B438-848B793135AE}.Release|Any CPU.ActiveCfg = Release|Any CPU
		{AB3C08DF-8B22-480B-B438-848B793135AE}.Release|Any CPU.Build.0 = Release|Any CPU
	EndGlobalSection
	GlobalSection(SolutionProperties) = preSolution
		HideSolutionNode = FALSE
	EndGlobalSection
EndGlobal
